
Microsoft Visual Studio Solution File, Format Version 12.00
# Visual Studio 15
VisualStudioVersion = 15.0.28307.1433
MinimumVisualStudioVersion = 10.0.40219.1
Project("{8BC9CEB8-8B4A-11D0-8D11-00A0C91BC942}") = "数据结构_链表", "数据结构_链表\数据结构_链表.vcxproj", "{F77BA90E-E403-48CB-A057-6A30F38FD060}"
EndProject
Global
	GlobalSection(SolutionConfigurationPlatforms) = preSolution
		Debug|x64 = Debug|x64
		Debug|x86 = Debug|x86
		Release|x64 = Release|x64
		Release|x86 = Release|x86
	EndGlobalSection
	GlobalSection(ProjectConfigurationPlatforms) = postSolution
		{F77BA90E-E403-48CB-A057-6A30F38FD060}.Debug|x64.ActiveCfg = Debug|x64
		{F77BA90E-E403-48CB-A057-6A30F38FD060}.Debug|x64.Build.0 = Debug|x64
		{F77BA90E-E403-48CB-A057-6A30F38FD060}.Debug|x86.ActiveCfg = Debug|Win32
		{F77BA90E-E403-48CB-A057-6A30F38FD060}.Debug|x86.Build.0 = Debug|Win32
		{F77BA90E-E403-48CB-A057-6A30F38FD060}.Release|x64.ActiveCfg = Release|x64
		{F77BA90E-E403-48CB-A057-6A30F38FD060}.Release|x64.Build.0 = Release|x64
		{F77BA90E-E403-48CB-A057-6A30F38FD060}.Release|x86.ActiveCfg = Release|Win32
		{F77BA90E-E403-48CB-A057-6A30F38FD060}.Release|x86.Build.0 = Release|Win32
	EndGlobalSection
	GlobalSection(SolutionProperties) = preSolution
		HideSolutionNode = FALSE
	EndGlobalSection
	GlobalSection(ExtensibilityGlobals) = postSolution
		SolutionGuid = {37EBD360-F5E6-4EF8-BFB0-01DE89F083F1}
	EndGlobalSection
EndGlobal
